
Microsoft Visual Studio Solution File, Format Version 12.00
# Visual Studio 15
VisualStudioVersion = 15.0.28010.2016
MinimumVisualStudioVersion = 10.0.40219.1
Project("{9A19103F-16F7-4668-BE54-9A1E7A4F7556}") = "BMICalculator", "BMICalculator\BMICalculator.csproj", "{6C0E274D-93DF-482B-B206-BFDFED821DF5}"
EndProject
Project("{9A19103F-16F7-4668-BE54-9A1E7A4F7556}") = "BMIUnitTests", "BMIUnitTests\BMIUnitTests.csproj", "{DAEA3CD8-2683-46DF-B537-03B06746C1DD}"
EndProject
Project("{9A19103F-16F7-4668-BE54-9A1E7A4F7556}") = "UserAcceptanceTests", "UserAcceptanceTests\UserAcceptanceTests.csproj", "{C3057629-D0FB-4411-B567-6D1C3289720E}"
EndProject
Project("{2150E333-8FDC-42A3-9474-1A3956D46DE8}") = "Solution Items", "Solution Items", "{EAD269B6-81CA-44C6-A5C5-2D2CABB4329A}"
	ProjectSection(SolutionItems) = preProject
		SeleniumTest.runsettings = SeleniumTest.runsettings
	EndProjectSection
EndProject
Global
	GlobalSection(SolutionConfigurationPlatforms) = preSolution
		Debug|Any CPU = Debug|Any CPU
		Release|Any CPU = Release|Any CPU
	EndGlobalSection
	GlobalSection(ProjectConfigurationPlatforms) = postSolution
		{6C0E274D-93DF-482B-B206-BFDFED821DF5}.Debug|Any CPU.ActiveCfg = Debug|Any CPU
		{6C0E274D-93DF-482B-B206-BFDFED821DF5}.Debug|Any CPU.Build.0 = Debug|Any CPU
		{6C0E274D-93DF-482B-B206-BFDFED821DF5}.Release|Any CPU.ActiveCfg = Release|Any CPU
		{6C0E274D-93DF-482B-B206-BFDFED821DF5}.Release|Any CPU.Build.0 = Release|Any CPU
		{DAEA3CD8-2683-46DF-B537-03B06746C1DD}.Debug|Any CPU.ActiveCfg = Debug|Any CPU
		{DAEA3CD8-2683-46DF-B537-03B06746C1DD}.Debug|Any CPU.Build.0 = Debug|Any CPU
		{DAEA3CD8-2683-46DF-B537-03B06746C1DD}.Release|Any CPU.ActiveCfg = Release|Any CPU
		{DAEA3CD8-2683-46DF-B537-03B06746C1DD}.Release|Any CPU.Build.0 = Release|Any CPU
		{C3057629-D0FB-4411-B567-6D1C3289720E}.Debug|Any CPU.ActiveCfg = Debug|Any CPU
		{C3057629-D0FB-4411-B567-6D1C3289720E}.Debug|Any CPU.Build.0 = Debug|Any CPU
		{C3057629-D0FB-4411-B567-6D1C3289720E}.Release|Any CPU.ActiveCfg = Release|Any CPU
		{C3057629-D0FB-4411-B567-6D1C3289720E}.Release|Any CPU.Build.0 = Release|Any CPU
	EndGlobalSection
	GlobalSection(SolutionProperties) = preSolution
		HideSolutionNode = FALSE
	EndGlobalSection
	GlobalSection(ExtensibilityGlobals) = postSolution
		SolutionGuid = {6569C1E6-C87D-4722-836D-C8092FE91228}
	EndGlobalSection
EndGlobal
